
Microsoft Visual Studio Solution File, Format Version 12.00
# Visual Studio Version 17
VisualStudioVersion = 17.7.34031.279
MinimumVisualStudioVersion = 10.0.40219.1
Project("{FAE04EC0-301F-11D3-BF4B-00C04F79EFBC}") = "UniforBackend.Domain", "UniforBackend.Domain\UniforBackend.Domain.csproj", "{1014D1D9-620B-4966-998B-DDE7C3CA49B1}"
EndProject
Project("{FAE04EC0-301F-11D3-BF4B-00C04F79EFBC}") = "UniforBackend.DAL", "UniforBackend.DAL\UniforBackend.DAL.csproj", "{A1B0B897-23FD-45EA-9A5D-BDD4182E9E50}"
EndProject
Project("{FAE04EC0-301F-11D3-BF4B-00C04F79EFBC}") = "UniforBackend.Service", "UniforBackend.Service\UniforBackend.Service.csproj", "{A2EE1C24-A740-4821-BECD-99A5B30783A1}"
EndProject
Project("{FAE04EC0-301F-11D3-BF4B-00C04F79EFBC}") = "UniforBackend.API", "UniforBackend.API\UniforBackend.API.csproj", "{2C110774-0069-4BE5-A141-FE14DE1C7E2A}"
EndProject
Global
	GlobalSection(SolutionConfigurationPlatforms) = preSolution
		Debug|Any CPU = Debug|Any CPU
		Release|Any CPU = Release|Any CPU
	EndGlobalSection
	GlobalSection(ProjectConfigurationPlatforms) = postSolution
		{1014D1D9-620B-4966-998B-DDE7C3CA49B1}.Debug|Any CPU.ActiveCfg = Debug|Any CPU
		{1014D1D9-620B-4966-998B-DDE7C3CA49B1}.Debug|Any CPU.Build.0 = Debug|Any CPU
		{1014D1D9-620B-4966-998B-DDE7C3CA49B1}.Release|Any CPU.ActiveCfg = Release|Any CPU
		{1014D1D9-620B-4966-998B-DDE7C3CA49B1}.Release|Any CPU.Build.0 = Release|Any CPU
		{A1B0B897-23FD-45EA-9A5D-BDD4182E9E50}.Debug|Any CPU.ActiveCfg = Debug|Any CPU
		{A1B0B897-23FD-45EA-9A5D-BDD4182E9E50}.Debug|Any CPU.Build.0 = Debug|Any CPU
		{A1B0B897-23FD-45EA-9A5D-BDD4182E9E50}.Release|Any CPU.ActiveCfg = Release|Any CPU
		{A1B0B897-23FD-45EA-9A5D-BDD4182E9E50}.Release|Any CPU.Build.0 = Release|Any CPU
		{A2EE1C24-A740-4821-BECD-99A5B30783A1}.Debug|Any CPU.ActiveCfg = Debug|Any CPU
		{A2EE1C24-A740-4821-BECD-99A5B30783A1}.Debug|Any CPU.Build.0 = Debug|Any CPU
		{A2EE1C24-A740-4821-BECD-99A5B30783A1}.Release|Any CPU.ActiveCfg = Release|Any CPU
		{A2EE1C24-A740-4821-BECD-99A5B30783A1}.Release|Any CPU.Build.0 = Release|Any CPU
		{2C110774-0069-4BE5-A141-FE14DE1C7E2A}.Debug|Any CPU.ActiveCfg = Debug|Any CPU
		{2C110774-0069-4BE5-A141-FE14DE1C7E2A}.Debug|Any CPU.Build.0 = Debug|Any CPU
		{2C110774-0069-4BE5-A141-FE14DE1C7E2A}.Release|Any CPU.ActiveCfg = Release|Any CPU
		{2C110774-0069-4BE5-A141-FE14DE1C7E2A}.Release|Any CPU.Build.0 = Release|Any CPU
	EndGlobalSection
	GlobalSection(SolutionProperties) = preSolution
		HideSolutionNode = FALSE
	EndGlobalSection
	GlobalSection(ExtensibilityGlobals) = postSolution
		SolutionGuid = {28EBFA3A-2108-4727-AE4B-F4309806B256}
	EndGlobalSection
EndGlobal
